
Microsoft Visual Studio Solution File, Format Version 12.00
# Visual Studio Version 16
VisualStudioVersion = 16.0.29709.97
MinimumVisualStudioVersion = 10.0.40219.1
Project("{FAE04EC0-301F-11D3-BF4B-00C04F79EFBC}") = "MachineManagement.Portal.UI", "MachineManagement.Portal.UI\MachineManagement.Portal.UI.csproj", "{52B24F01-A623-4B3C-A755-E180E22D36AE}"
EndProject
Project("{FAE04EC0-301F-11D3-BF4B-00C04F79EFBC}") = "MachineManagement.Client", "MachineManagement.Client\MachineManagement.Client.csproj", "{93A4E4DB-3094-4A16-A955-8B49D223A561}"
EndProject
Project("{00D1A9C2-B5F0-4AF3-8072-F6C62B433612}") = "MachineManagement.DB", "MachineManagement.DB\MachineManagement.DB.sqlproj", "{FC4EF23C-A88C-4349-B48B-F828D81FEFA1}"
EndProject
Project("{FAE04EC0-301F-11D3-BF4B-00C04F79EFBC}") = "MachineManagement.Portal.Repository", "MachineManagement.Portal.Repository\MachineManagement.Portal.Repository.csproj", "{A931AAA9-88F5-4156-B8F6-23602A6ED7D6}"
EndProject
Project("{FAE04EC0-301F-11D3-BF4B-00C04F79EFBC}") = "MachineManagement.Portal.Domain", "MachineManagement.Portal.Domain\MachineManagement.Portal.Domain.csproj", "{2950580F-A3FB-4E68-AF8B-4B22AF60C0C4}"
EndProject
Global
	GlobalSection(SolutionConfigurationPlatforms) = preSolution
		Debug|Any CPU = Debug|Any CPU
		Release|Any CPU = Release|Any CPU
	EndGlobalSection
	GlobalSection(ProjectConfigurationPlatforms) = postSolution
		{52B24F01-A623-4B3C-A755-E180E22D36AE}.Debug|Any CPU.ActiveCfg = Debug|Any CPU
		{52B24F01-A623-4B3C-A755-E180E22D36AE}.Debug|Any CPU.Build.0 = Debug|Any CPU
		{52B24F01-A623-4B3C-A755-E180E22D36AE}.Release|Any CPU.ActiveCfg = Release|Any CPU
		{52B24F01-A623-4B3C-A755-E180E22D36AE}.Release|Any CPU.Build.0 = Release|Any CPU
		{93A4E4DB-3094-4A16-A955-8B49D223A561}.Debug|Any CPU.ActiveCfg = Debug|Any CPU
		{93A4E4DB-3094-4A16-A955-8B49D223A561}.Debug|Any CPU.Build.0 = Debug|Any CPU
		{93A4E4DB-3094-4A16-A955-8B49D223A561}.Release|Any CPU.ActiveCfg = Release|Any CPU
		{93A4E4DB-3094-4A16-A955-8B49D223A561}.Release|Any CPU.Build.0 = Release|Any CPU
		{FC4EF23C-A88C-4349-B48B-F828D81FEFA1}.Debug|Any CPU.ActiveCfg = Debug|Any CPU
		{FC4EF23C-A88C-4349-B48B-F828D81FEFA1}.Debug|Any CPU.Build.0 = Debug|Any CPU
		{FC4EF23C-A88C-4349-B48B-F828D81FEFA1}.Debug|Any CPU.Deploy.0 = Debug|Any CPU
		{FC4EF23C-A88C-4349-B48B-F828D81FEFA1}.Release|Any CPU.ActiveCfg = Release|Any CPU
		{FC4EF23C-A88C-4349-B48B-F828D81FEFA1}.Release|Any CPU.Build.0 = Release|Any CPU
		{FC4EF23C-A88C-4349-B48B-F828D81FEFA1}.Release|Any CPU.Deploy.0 = Release|Any CPU
		{A931AAA9-88F5-4156-B8F6-23602A6ED7D6}.Debug|Any CPU.ActiveCfg = Debug|Any CPU
		{A931AAA9-88F5-4156-B8F6-23602A6ED7D6}.Debug|Any CPU.Build.0 = Debug|Any CPU
		{A931AAA9-88F5-4156-B8F6-23602A6ED7D6}.Release|Any CPU.ActiveCfg = Release|Any CPU
		{A931AAA9-88F5-4156-B8F6-23602A6ED7D6}.Release|Any CPU.Build.0 = Release|Any CPU
		{2950580F-A3FB-4E68-AF8B-4B22AF60C0C4}.Debug|Any CPU.ActiveCfg = Debug|Any CPU
		{2950580F-A3FB-4E68-AF8B-4B22AF60C0C4}.Debug|Any CPU.Build.0 = Debug|Any CPU
		{2950580F-A3FB-4E68-AF8B-4B22AF60C0C4}.Release|Any CPU.ActiveCfg = Release|Any CPU
		{2950580F-A3FB-4E68-AF8B-4B22AF60C0C4}.Release|Any CPU.Build.0 = Release|Any CPU
	EndGlobalSection
	GlobalSection(SolutionProperties) = preSolution
		HideSolutionNode = FALSE
	EndGlobalSection
	GlobalSection(ExtensibilityGlobals) = postSolution
		SolutionGuid = {1F2B613D-073F-4B39-B74A-571B437B06A1}
	EndGlobalSection
EndGlobal
